// !$*UTF8*$!
{
	archiveVersion = 1;
	classes = {
	};
	objectVersion = 55;
	objects = {

/* Begin PBXBuildFile section */
		99A9C39C286D595B0028CBB7 /* AppDelegate.swift in Sources */ = {isa = PBXBuildFile; fileRef = 99A9C39B286D595B0028CBB7 /* AppDelegate.swift */; };
		99A9C39E286D595B0028CBB7 /* SceneDelegate.swift in Sources */ = {isa = PBXBuildFile; fileRef = 99A9C39D286D595B0028CBB7 /* SceneDelegate.swift */; };
		99A9C3A0286D595B0028CBB7 /* ViewController.swift in Sources */ = {isa = PBXBuildFile; fileRef = 99A9C39F286D595B0028CBB7 /* ViewController.swift */; };
		99A9C3A3286D595B0028CBB7 /* Main.storyboard in Resources */ = {isa = PBXBuildFile; fileRef = 99A9C3A1286D595B0028CBB7 /* Main.storyboard */; };
		99A9C3A5286D595D0028CBB7 /* Assets.xcassets in Resources */ = {isa = PBXBuildFile; fileRef = 99A9C3A4286D595D0028CBB7 /* Assets.xcassets */; };
		99A9C3A8286D595D0028CBB7 /* LaunchScreen.storyboard in Resources */ = {isa = PBXBuildFile; fileRef = 99A9C3A6286D595D0028CBB7 /* LaunchScreen.storyboard */; };
		99A9C3B3286D595D0028CBB7 /* vpn_iosTests.swift in Sources */ = {isa = PBXBuildFile; fileRef = 99A9C3B2286D595D0028CBB7 /* vpn_iosTests.swift */; };
		99A9C3BD286D595D0028CBB7 /* vpn_iosUITests.swift in Sources */ = {isa = PBXBuildFile; fileRef = 99A9C3BC286D595D0028CBB7 /* vpn_iosUITests.swift */; };
		99A9C3BF286D595D0028CBB7 /* vpn_iosUITestsLaunchTests.swift in Sources */ = {isa = PBXBuildFile; fileRef = 99A9C3BE286D595D0028CBB7 /* vpn_iosUITestsLaunchTests.swift */; };
		99A9C487286D66340028CBB7 /* CommonUI.framework in Frameworks */ = {isa = PBXBuildFile; fileRef = 99A9C486286D66340028CBB7 /* CommonUI.framework */; };
		99A9C489286D66340028CBB7 /* Networking.framework in Frameworks */ = {isa = PBXBuildFile; fileRef = 99A9C488286D66340028CBB7 /* Networking.framework */; };
/* End PBXBuildFile section */

/* Begin PBXContainerItemProxy section */
		99A9C3AF286D595D0028CBB7 /* PBXContainerItemProxy */ = {
			isa = PBXContainerItemProxy;
			containerPortal = 99A9C390286D595B0028CBB7 /* Project object */;
			proxyType = 1;
			remoteGlobalIDString = 99A9C397286D595B0028CBB7;
			remoteInfo = "vpn-ios";
		};
		99A9C3B9286D595D0028CBB7 /* PBXContainerItemProxy */ = {
			isa = PBXContainerItemProxy;
			containerPortal = 99A9C390286D595B0028CBB7 /* Project object */;
			proxyType = 1;
			remoteGlobalIDString = 99A9C397286D595B0028CBB7;
			remoteInfo = "vpn-ios";
		};
/* End PBXContainerItemProxy section */

/* Begin PBXFileReference section */
		99A9C398286D595B0028CBB7 /* vpn-ios.app */ = {isa = PBXFileReference; explicitFileType = wrapper.application; includeInIndex = 0; path = "vpn-ios.app"; sourceTree = BUILT_PRODUCTS_DIR; };
		99A9C39B286D595B0028CBB7 /* AppDelegate.swift */ = {isa = PBXFileReference; lastKnownFileType = sourcecode.swift; path = AppDelegate.swift; sourceTree = "<group>"; };
		99A9C39D286D595B0028CBB7 /* SceneDelegate.swift */ = {isa = PBXFileReference; lastKnownFileType = sourcecode.swift; path = SceneDelegate.swift; sourceTree = "<group>"; };
		99A9C39F286D595B0028CBB7 /* ViewController.swift */ = {isa = PBXFileReference; lastKnownFileType = sourcecode.swift; path = ViewController.swift; sourceTree = "<group>"; };
		99A9C3A2286D595B0028CBB7 /* Base */ = {isa = PBXFileReference; lastKnownFileType = file.storyboard; name = Base; path = Base.lproj/Main.storyboard; sourceTree = "<group>"; };
		99A9C3A4286D595D0028CBB7 /* Assets.xcassets */ = {isa = PBXFileReference; lastKnownFileType = folder.assetcatalog; path = Assets.xcassets; sourceTree = "<group>"; };
		99A9C3A7286D595D0028CBB7 /* Base */ = {isa = PBXFileReference; lastKnownFileType = file.storyboard; name = Base; path = Base.lproj/LaunchScreen.storyboard; sourceTree = "<group>"; };
		99A9C3A9286D595D0028CBB7 /* Info.plist */ = {isa = PBXFileReference; lastKnownFileType = text.plist.xml; path = Info.plist; sourceTree = "<group>"; };
		99A9C3AE286D595D0028CBB7 /* vpn-iosTests.xctest */ = {isa = PBXFileReference; explicitFileType = wrapper.cfbundle; includeInIndex = 0; path = "vpn-iosTests.xctest"; sourceTree = BUILT_PRODUCTS_DIR; };
		99A9C3B2286D595D0028CBB7 /* vpn_iosTests.swift */ = {isa = PBXFileReference; lastKnownFileType = sourcecode.swift; path = vpn_iosTests.swift; sourceTree = "<group>"; };
		99A9C3B8286D595D0028CBB7 /* vpn-iosUITests.xctest */ = {isa = PBXFileReference; explicitFileType = wrapper.cfbundle; includeInIndex = 0; path = "vpn-iosUITests.xctest"; sourceTree = BUILT_PRODUCTS_DIR; };
		99A9C3BC286D595D0028CBB7 /* vpn_iosUITests.swift */ = {isa = PBXFileReference; lastKnownFileType = sourcecode.swift; path = vpn_iosUITests.swift; sourceTree = "<group>"; };
		99A9C3BE286D595D0028CBB7 /* vpn_iosUITestsLaunchTests.swift */ = {isa = PBXFileReference; lastKnownFileType = sourcecode.swift; path = vpn_iosUITestsLaunchTests.swift; sourceTree = "<group>"; };
		99A9C486286D66340028CBB7 /* CommonUI.framework */ = {isa = PBXFileReference; explicitFileType = wrapper.framework; path = CommonUI.framework; sourceTree = BUILT_PRODUCTS_DIR; };
		99A9C488286D66340028CBB7 /* Networking.framework */ = {isa = PBXFileReference; explicitFileType = wrapper.framework; path = Networking.framework; sourceTree = BUILT_PRODUCTS_DIR; };
/* End PBXFileReference section */

/* Begin PBXFrameworksBuildPhase section */
		99A9C395286D595B0028CBB7 /* Frameworks */ = {
			isa = PBXFrameworksBuildPhase;
			buildActionMask = 2147483647;
			files = (
				99A9C487286D66340028CBB7 /* CommonUI.framework in Frameworks */,
				99A9C489286D66340028CBB7 /* Networking.framework in Frameworks */,
			);
			runOnlyForDeploymentPostprocessing = 0;
		};
		99A9C3AB286D595D0028CBB7 /* Frameworks */ = {
			isa = PBXFrameworksBuildPhase;
			buildActionMask = 2147483647;
			files = (
			);
			runOnlyForDeploymentPostprocessing = 0;
		};
		99A9C3B5286D595D0028CBB7 /* Frameworks */ = {
			isa = PBXFrameworksBuildPhase;
			buildActionMask = 2147483647;
			files = (
			);
			runOnlyForDeploymentPostprocessing = 0;
		};
/* End PBXFrameworksBuildPhase section */

/* Begin PBXGroup section */
		99A9C38F286D595B0028CBB7 = {
			isa = PBXGroup;
			children = (
				99A9C39A286D595B0028CBB7 /* vpn-ios */,
				99A9C3B1286D595D0028CBB7 /* vpn-iosTests */,
				99A9C3BB286D595D0028CBB7 /* vpn-iosUITests */,
				99A9C399286D595B0028CBB7 /* Products */,
				99A9C3FE286D5A5C0028CBB7 /* Frameworks */,
			);
			sourceTree = "<group>";
		};
		99A9C399286D595B0028CBB7 /* Products */ = {
			isa = PBXGroup;
			children = (
				99A9C398286D595B0028CBB7 /* vpn-ios.app */,
				99A9C3AE286D595D0028CBB7 /* vpn-iosTests.xctest */,
				99A9C3B8286D595D0028CBB7 /* vpn-iosUITests.xctest */,
			);
			name = Products;
			sourceTree = "<group>";
		};
		99A9C39A286D595B0028CBB7 /* vpn-ios */ = {
			isa = PBXGroup;
			children = (
				99A9C39B286D595B0028CBB7 /* AppDelegate.swift */,
				99A9C39D286D595B0028CBB7 /* SceneDelegate.swift */,
				99A9C39F286D595B0028CBB7 /* ViewController.swift */,
				99A9C3A1286D595B0028CBB7 /* Main.storyboard */,
				99A9C3A4286D595D0028CBB7 /* Assets.xcassets */,
				99A9C3A6286D595D0028CBB7 /* LaunchScreen.storyboard */,
				99A9C3A9286D595D0028CBB7 /* Info.plist */,
			);
			path = "vpn-ios";
			sourceTree = "<group>";
		};
		99A9C3B1286D595D0028CBB7 /* vpn-iosTests */ = {
			isa = PBXGroup;
			children = (
				99A9C3B2286D595D0028CBB7 /* vpn_iosTests.swift */,
			);
			path = "vpn-iosTests";
			sourceTree = "<group>";
		};
		99A9C3BB286D595D0028CBB7 /* vpn-iosUITests */ = {
			isa = PBXGroup;
			children = (
				99A9C3BC286D595D0028CBB7 /* vpn_iosUITests.swift */,
				99A9C3BE286D595D0028CBB7 /* vpn_iosUITestsLaunchTests.swift */,
			);
			path = "vpn-iosUITests";
			sourceTree = "<group>";
		};
		99A9C3FE286D5A5C0028CBB7 /* Frameworks */ = {
			isa = PBXGroup;
			children = (
				99A9C486286D66340028CBB7 /* CommonUI.framework */,
				99A9C488286D66340028CBB7 /* Networking.framework */,
			);
			name = Frameworks;
			sourceTree = "<group>";
		};
/* End PBXGroup section */

/* Begin PBXNativeTarget section */
		99A9C397286D595B0028CBB7 /* vpn-ios */ = {
			isa = PBXNativeTarget;
			buildConfigurationList = 99A9C3C2286D595D0028CBB7 /* Build configuration list for PBXNativeTarget "vpn-ios" */;
			buildPhases = (
				99A9C394286D595B0028CBB7 /* Sources */,
				99A9C395286D595B0028CBB7 /* Frameworks */,
				99A9C396286D595B0028CBB7 /* Resources */,
			);
			buildRules = (
			);
			dependencies = (
			);
			name = "vpn-ios";
			productName = "vpn-ios";
			productReference = 99A9C398286D595B0028CBB7 /* vpn-ios.app */;
			productType = "com.apple.product-type.application";
		};
		99A9C3AD286D595D0028CBB7 /* vpn-iosTests */ = {
			isa = PBXNativeTarget;
			buildConfigurationList = 99A9C3C5286D595D0028CBB7 /* Build configuration list for PBXNativeTarget "vpn-iosTests" */;
			buildPhases = (
				99A9C3AA286D595D0028CBB7 /* Sources */,
				99A9C3AB286D595D0028CBB7 /* Frameworks */,
				99A9C3AC286D595D0028CBB7 /* Resources */,
			);
			buildRules = (
			);
			dependencies = (
				99A9C3B0286D595D0028CBB7 /* PBXTargetDependency */,
			);
			name = "vpn-iosTests";
			productName = "vpn-iosTests";
			productReference = 99A9C3AE286D595D0028CBB7 /* vpn-iosTests.xctest */;
			productType = "com.apple.product-type.bundle.unit-test";
		};
		99A9C3B7286D595D0028CBB7 /* vpn-iosUITests */ = {
			isa = PBXNativeTarget;
			buildConfigurationList = 99A9C3C8286D595D0028CBB7 /* Build configuration list for PBXNativeTarget "vpn-iosUITests" */;
			buildPhases = (
				99A9C3B4286D595D0028CBB7 /* Sources */,
				99A9C3B5286D595D0028CBB7 /* Frameworks */,
				99A9C3B6286D595D0028CBB7 /* Resources */,
			);
			buildRules = (
			);
			dependencies = (
				99A9C3BA286D595D0028CBB7 /* PBXTargetDependency */,
			);
			name = "vpn-iosUITests";
			productName = "vpn-iosUITests";
			productReference = 99A9C3B8286D595D0028CBB7 /* vpn-iosUITests.xctest */;
			productType = "com.apple.product-type.bundle.ui-testing";
		};
/* End PBXNativeTarget section */

/* Begin PBXProject section */
		99A9C390286D595B0028CBB7 /* Project object */ = {
			isa = PBXProject;
			attributes = {
				BuildIndependentTargetsInParallel = 1;
				LastSwiftUpdateCheck = 1340;
				LastUpgradeCheck = 1340;
				TargetAttributes = {
					99A9C397286D595B0028CBB7 = {
						CreatedOnToolsVersion = 13.4;
					};
					99A9C3AD286D595D0028CBB7 = {
						CreatedOnToolsVersion = 13.4;
						TestTargetID = 99A9C397286D595B0028CBB7;
					};
					99A9C3B7286D595D0028CBB7 = {
						CreatedOnToolsVersion = 13.4;
						TestTargetID = 99A9C397286D595B0028CBB7;
					};
				};
			};
			buildConfigurationList = 99A9C393286D595B0028CBB7 /* Build configuration list for PBXProject "vpn-ios" */;
			compatibilityVersion = "Xcode 13.0";
			developmentRegion = en;
			hasScannedForEncodings = 0;
			knownRegions = (
				en,
				Base,
			);
			mainGroup = 99A9C38F286D595B0028CBB7;
			productRefGroup = 99A9C399286D595B0028CBB7 /* Products */;
			projectDirPath = "";
			projectRoot = "";
			targets = (
				99A9C397286D595B0028CBB7 /* vpn-ios */,
				99A9C3AD286D595D0028CBB7 /* vpn-iosTests */,
				99A9C3B7286D595D0028CBB7 /* vpn-iosUITests */,
			);
		};
/* End PBXProject section */

/* Begin PBXResourcesBuildPhase section */
		99A9C396286D595B0028CBB7 /* Resources */ = {
			isa = PBXResourcesBuildPhase;
			buildActionMask = 2147483647;
			files = (
				99A9C3A8286D595D0028CBB7 /* LaunchScreen.storyboard in Resources */,
				99A9C3A5286D595D0028CBB7 /* Assets.xcassets in Resources */,
				99A9C3A3286D595B0028CBB7 /* Main.storyboard in Resources */,
			);
			runOnlyForDeploymentPostprocessing = 0;
		};
		99A9C3AC286D595D0028CBB7 /* Resources */ = {
			isa = PBXResourcesBuildPhase;
			buildActionMask = 2147483647;
			files = (
			);
			runOnlyForDeploymentPostprocessing = 0;
		};
		99A9C3B6286D595D0028CBB7 /* Resources */ = {
			isa = PBXResourcesBuildPhase;
			buildActionMask = 2147483647;
			files = (
			);
			runOnlyForDeploymentPostprocessing = 0;
		};
/* End PBXResourcesBuildPhase section */

/* Begin PBXSourcesBuildPhase section */
		99A9C394286D595B0028CBB7 /* Sources */ = {
			isa = PBXSourcesBuildPhase;
			buildActionMask = 2147483647;
			files = (
				99A9C3A0286D595B0028CBB7 /* ViewController.swift in Sources */,
				99A9C39C286D595B0028CBB7 /* AppDelegate.swift in Sources */,
				99A9C39E286D595B0028CBB7 /* SceneDelegate.swift in Sources */,
			);
			runOnlyForDeploymentPostprocessing = 0;
		};
		99A9C3AA286D595D0028CBB7 /* Sources */ = {
			isa = PBXSourcesBuildPhase;
			buildActionMask = 2147483647;
			files = (
				99A9C3B3286D595D0028CBB7 /* vpn_iosTests.swift in Sources */,
			);
			runOnlyForDeploymentPostprocessing = 0;
		};
		99A9C3B4286D595D0028CBB7 /* Sources */ = {
			isa = PBXSourcesBuildPhase;
			buildActionMask = 2147483647;
			files = (
				99A9C3BD286D595D0028CBB7 /* vpn_iosUITests.swift in Sources */,
				99A9C3BF286D595D0028CBB7 /* vpn_iosUITestsLaunchTests.swift in Sources */,
			);
			runOnlyForDeploymentPostprocessing = 0;
		};
/* End PBXSourcesBuildPhase section */

/* Begin PBXTargetDependency section */
		99A9C3B0286D595D0028CBB7 /* PBXTargetDependency */ = {
			isa = PBXTargetDependency;
			target = 99A9C397286D595B0028CBB7 /* vpn-ios */;
			targetProxy = 99A9C3AF286D595D0028CBB7 /* PBXContainerItemProxy */;
		};
		99A9C3BA286D595D0028CBB7 /* PBXTargetDependency */ = {
			isa = PBXTargetDependency;
			target = 99A9C397286D595B0028CBB7 /* vpn-ios */;
			targetProxy = 99A9C3B9286D595D0028CBB7 /* PBXContainerItemProxy */;
		};
/* End PBXTargetDependency section */

/* Begin PBXVariantGroup section */
		99A9C3A1286D595B0028CBB7 /* Main.storyboard */ = {
			isa = PBXVariantGroup;
			children = (
				99A9C3A2286D595B0028CBB7 /* Base */,
			);
			name = Main.storyboard;
			sourceTree = "<group>";
		};
		99A9C3A6286D595D0028CBB7 /* LaunchScreen.storyboard */ = {
			isa = PBXVariantGroup;
			children = (
				99A9C3A7286D595D0028CBB7 /* Base */,
			);
			name = LaunchScreen.storyboard;
			sourceTree = "<group>";
		};
/* End PBXVariantGroup section */

/* Begin XCBuildConfiguration section */
		99A9C3C0286D595D0028CBB7 /* Debug */ = {
			isa = XCBuildConfiguration;
			buildSettings = {
				ALWAYS_SEARCH_USER_PATHS = NO;
				CLANG_ANALYZER_NONNULL = YES;
				CLANG_ANALYZER_NUMBER_OBJECT_CONVERSION = YES_AGGRESSIVE;
				CLANG_CXX_LANGUAGE_STANDARD = "gnu++17";
				CLANG_ENABLE_MODULES = YES;
				CLANG_ENABLE_OBJC_ARC = YES;
				CLANG_ENABLE_OBJC_WEAK = YES;
				CLANG_WARN_BLOCK_CAPTURE_AUTORELEASING = YES;
				CLANG_WARN_BOOL_CONVERSION = YES;
				CLANG_WARN_COMMA = YES;
				CLANG_WARN_CONSTANT_CONVERSION = YES;
				CLANG_WARN_DEPRECATED_OBJC_IMPLEMENTATIONS = YES;
				CLANG_WARN_DIRECT_OBJC_ISA_USAGE = YES_ERROR;
				CLANG_WARN_DOCUMENTATION_COMMENTS = YES;
				CLANG_WARN_EMPTY_BODY = YES;
				CLANG_WARN_ENUM_CONVERSION = YES;
				CLANG_WARN_INFINITE_RECURSION = YES;
				CLANG_WARN_INT_CONVERSION = YES;
				CLANG_WARN_NON_LITERAL_NULL_CONVERSION = YES;
				CLANG_WARN_OBJC_IMPLICIT_RETAIN_SELF = YES;
				CLANG_WARN_OBJC_LITERAL_CONVERSION = YES;
				CLANG_WARN_OBJC_ROOT_CLASS = YES_ERROR;
				CLANG_WARN_QUOTED_INCLUDE_IN_FRAMEWORK_HEADER = YES;
				CLANG_WARN_RANGE_LOOP_ANALYSIS = YES;
				CLANG_WARN_STRICT_PROTOTYPES = YES;
				CLANG_WARN_SUSPICIOUS_MOVE = YES;
				CLANG_WARN_UNGUARDED_AVAILABILITY = YES_AGGRESSIVE;
				CLANG_WARN_UNREACHABLE_CODE = YES;
				CLANG_WARN__DUPLICATE_METHOD_MATCH = YES;
				COPY_PHASE_STRIP = NO;
				DEBUG_INFORMATION_FORMAT = dwarf;
				ENABLE_STRICT_OBJC_MSGSEND = YES;
				ENABLE_TESTABILITY = YES;
				GCC_C_LANGUAGE_STANDARD = gnu11;
				GCC_DYNAMIC_NO_PIC = NO;
				GCC_NO_COMMON_BLOCKS = YES;
				GCC_OPTIMIZATION_LEVEL = 0;
				GCC_PREPROCESSOR_DEFINITIONS = (
					"DEBUG=1",
					"$(inherited)",
				);
				GCC_WARN_64_TO_32_BIT_CONVERSION = YES;
				GCC_WARN_ABOUT_RETURN_TYPE = YES_ERROR;
				GCC_WARN_UNDECLARED_SELECTOR = YES;
				GCC_WARN_UNINITIALIZED_AUTOS = YES_AGGRESSIVE;
				GCC_WARN_UNUSED_FUNCTION = YES;
				GCC_WARN_UNUSED_VARIABLE = YES;
				IPHONEOS_DEPLOYMENT_TARGET = 15.5;
				MTL_ENABLE_DEBUG_INFO = INCLUDE_SOURCE;
				MTL_FAST_MATH = YES;
				ONLY_ACTIVE_ARCH = YES;
				SDKROOT = iphoneos;
				SWIFT_ACTIVE_COMPILATION_CONDITIONS = DEBUG;
				SWIFT_OPTIMIZATION_LEVEL = "-Onone";
			};
			name = Debug;
		};
		99A9C3C1286D595D0028CBB7 /* Release */ = {
			isa = XCBuildConfiguration;
			buildSettings = {
				ALWAYS_SEARCH_USER_PATHS = NO;
				CLANG_ANALYZER_NONNULL = YES;
				CLANG_ANALYZER_NUMBER_OBJECT_CONVERSION = YES_AGGRESSIVE;
				CLANG_CXX_LANGUAGE_STANDARD = "gnu++17";
				CLANG_ENABLE_MODULES = YES;
				CLANG_ENABLE_OBJC_ARC = YES;
				CLANG_ENABLE_OBJC_WEAK = YES;
				CLANG_WARN_BLOCK_CAPTURE_AUTORELEASING = YES;
				CLANG_WARN_BOOL_CONVERSION = YES;
				CLANG_WARN_COMMA = YES;
				CLANG_WARN_CONSTANT_CONVERSION = YES;
				CLANG_WARN_DEPRECATED_OBJC_IMPLEMENTATIONS = YES;
				CLANG_WARN_DIRECT_OBJC_ISA_USAGE = YES_ERROR;
				CLANG_WARN_DOCUMENTATION_COMMENTS = YES;
				CLANG_WARN_EMPTY_BODY = YES;
				CLANG_WARN_ENUM_CONVERSION = YES;
				CLANG_WARN_INFINITE_RECURSION = YES;
				CLANG_WARN_INT_CONVERSION = YES;
				CLANG_WARN_NON_LITERAL_NULL_CONVERSION = YES;
				CLANG_WARN_OBJC_IMPLICIT_RETAIN_SELF = YES;
				CLANG_WARN_OBJC_LITERAL_CONVERSION = YES;
				CLANG_WARN_OBJC_ROOT_CLASS = YES_ERROR;
				CLANG_WARN_QUOTED_INCLUDE_IN_FRAMEWORK_HEADER = YES;
				CLANG_WARN_RANGE_LOOP_ANALYSIS = YES;
				CLANG_WARN_STRICT_PROTOTYPES = YES;
				CLANG_WARN_SUSPICIOUS_MOVE = YES;
				CLANG_WARN_UNGUARDED_AVAILABILITY = YES_AGGRESSIVE;
				CLANG_WARN_UNREACHABLE_CODE = YES;
				CLANG_WARN__DUPLICATE_METHOD_MATCH = YES;
				COPY_PHASE_STRIP = NO;
				DEBUG_INFORMATION_FORMAT = "dwarf-with-dsym";
				ENABLE_NS_ASSERTIONS = NO;
				ENABLE_STRICT_OBJC_MSGSEND = YES;
				GCC_C_LANGUAGE_STANDARD = gnu11;
				GCC_NO_COMMON_BLOCKS = YES;
				GCC_WARN_64_TO_32_BIT_CONVERSION = YES;
				GCC_WARN_ABOUT_RETURN_TYPE = YES_ERROR;
				GCC_WARN_UNDECLARED_SELECTOR = YES;
				GCC_WARN_UNINITIALIZED_AUTOS = YES_AGGRESSIVE;
				GCC_WARN_UNUSED_FUNCTION = YES;
				GCC_WARN_UNUSED_VARIABLE = YES;
				IPHONEOS_DEPLOYMENT_TARGET = 15.5;
				MTL_ENABLE_DEBUG_INFO = NO;
				MTL_FAST_MATH = YES;
				SDKROOT = iphoneos;
				SWIFT_COMPILATION_MODE = wholemodule;
				SWIFT_OPTIMIZATION_LEVEL = "-O";
				VALIDATE_PRODUCT = YES;
			};
			name = Release;
		};
		99A9C3C3286D595D0028CBB7 /* Debug */ = {
			isa = XCBuildConfiguration;
			buildSettings = {
				ASSETCATALOG_COMPILER_APPICON_NAME = AppIcon;
				ASSETCATALOG_COMPILER_GLOBAL_ACCENT_COLOR_NAME = AccentColor;
				CODE_SIGN_STYLE = Automatic;
				CURRENT_PROJECT_VERSION = 1;
				DEVELOPMENT_TEAM = C7L2AL6Q55;
				GENERATE_INFOPLIST_FILE = YES;
				INFOPLIST_FILE = "vpn-ios/Info.plist";
				INFOPLIST_KEY_UIApplicationSupportsIndirectInputEvents = YES;
				INFOPLIST_KEY_UILaunchStoryboardName = LaunchScreen;
				INFOPLIST_KEY_UIMainStoryboardFile = Main;
				INFOPLIST_KEY_UISupportedInterfaceOrientations_iPad = "UIInterfaceOrientationPortrait UIInterfaceOrientationPortraitUpsideDown UIInterfaceOrientationLandscapeLeft UIInterfaceOrientationLandscapeRight";
				INFOPLIST_KEY_UISupportedInterfaceOrientations_iPhone = "UIInterfaceOrientationPortrait UIInterfaceOrientationLandscapeLeft UIInterfaceOrientationLandscapeRight";
				LD_RUNPATH_SEARCH_PATHS = (
					"$(inherited)",
					"@executable_path/Frameworks",
				);
				MARKETING_VERSION = 1.0;
				PRODUCT_BUNDLE_IDENTIFIER = "novikovandrey2000.vpn-ios";
				PRODUCT_NAME = "$(TARGET_NAME)";
				SWIFT_EMIT_LOC_STRINGS = YES;
				SWIFT_VERSION = 5.0;
				TARGETED_DEVICE_FAMILY = "1,2";
			};
			name = Debug;
		};
		99A9C3C4286D595D0028CBB7 /* Release */ = {
			isa = XCBuildConfiguration;
			buildSettings = {
				ASSETCATALOG_COMPILER_APPICON_NAME = AppIcon;
				ASSETCATALOG_COMPILER_GLOBAL_ACCENT_COLOR_NAME = AccentColor;
				CODE_SIGN_STYLE = Automatic;
				CURRENT_PROJECT_VERSION = 1;
				DEVELOPMENT_TEAM = C7L2AL6Q55;
				GENERATE_INFOPLIST_FILE = YES;
				INFOPLIST_FILE = "vpn-ios/Info.plist";
				INFOPLIST_KEY_UIApplicationSupportsIndirectInputEvents = YES;
				INFOPLIST_KEY_UILaunchStoryboardName = LaunchScreen;
				INFOPLIST_KEY_UIMainStoryboardFile = Main;
				INFOPLIST_KEY_UISupportedInterfaceOrientations_iPad = "UIInterfaceOrientationPortrait UIInterfaceOrientationPortraitUpsideDown UIInterfaceOrientationLandscapeLeft UIInterfaceOrientationLandscapeRight";
				INFOPLIST_KEY_UISupportedInterfaceOrientations_iPhone = "UIInterfaceOrientationPortrait UIInterfaceOrientationLandscapeLeft UIInterfaceOrientationLandscapeRight";
				LD_RUNPATH_SEARCH_PATHS = (
					"$(inherited)",
					"@executable_path/Frameworks",
				);
				MARKETING_VERSION = 1.0;
				PRODUCT_BUNDLE_IDENTIFIER = "novikovandrey2000.vpn-ios";
				PRODUCT_NAME = "$(TARGET_NAME)";
				SWIFT_EMIT_LOC_STRINGS = YES;
				SWIFT_VERSION = 5.0;
				TARGETED_DEVICE_FAMILY = "1,2";
			};
			name = Release;
		};
		99A9C3C6286D595D0028CBB7 /* Debug */ = {
			isa = XCBuildConfiguration;
			buildSettings = {
				ALWAYS_EMBED_SWIFT_STANDARD_LIBRARIES = YES;
				BUNDLE_LOADER = "$(TEST_HOST)";
				CODE_SIGN_STYLE = Automatic;
				CURRENT_PROJECT_VERSION = 1;
				DEVELOPMENT_TEAM = C7L2AL6Q55;
				GENERATE_INFOPLIST_FILE = YES;
				IPHONEOS_DEPLOYMENT_TARGET = 15.5;
				MARKETING_VERSION = 1.0;
				PRODUCT_BUNDLE_IDENTIFIER = "novikovandrey2000.vpn-iosTests";
				PRODUCT_NAME = "$(TARGET_NAME)";
				SWIFT_EMIT_LOC_STRINGS = NO;
				SWIFT_VERSION = 5.0;
				TARGETED_DEVICE_FAMILY = "1,2";
				TEST_HOST = "$(BUILT_PRODUCTS_DIR)/vpn-ios.app/vpn-ios";
			};
			name = Debug;
		};
		99A9C3C7286D595D0028CBB7 /* Release */ = {
			isa = XCBuildConfiguration;
			buildSettings = {
				ALWAYS_EMBED_SWIFT_STANDARD_LIBRARIES = YES;
				BUNDLE_LOADER = "$(TEST_HOST)";
				CODE_SIGN_STYLE = Automatic;
				CURRENT_PROJECT_VERSION = 1;
				DEVELOPMENT_TEAM = C7L2AL6Q55;
				GENERATE_INFOPLIST_FILE = YES;
				IPHONEOS_DEPLOYMENT_TARGET = 15.5;
				MARKETING_VERSION = 1.0;
				PRODUCT_BUNDLE_IDENTIFIER = "novikovandrey2000.vpn-iosTests";
				PRODUCT_NAME = "$(TARGET_NAME)";
				SWIFT_EMIT_LOC_STRINGS = NO;
				SWIFT_VERSION = 5.0;
				TARGETED_DEVICE_FAMILY = "1,2";
				TEST_HOST = "$(BUILT_PRODUCTS_DIR)/vpn-ios.app/vpn-ios";
			};
			name = Release;
		};
		99A9C3C9286D595D0028CBB7 /* Debug */ = {
			isa = XCBuildConfiguration;
			buildSettings = {
				ALWAYS_EMBED_SWIFT_STANDARD_LIBRARIES = YES;
				CODE_SIGN_STYLE = Automatic;
				CURRENT_PROJECT_VERSION = 1;
				DEVELOPMENT_TEAM = C7L2AL6Q55;
				GENERATE_INFOPLIST_FILE = YES;
				MARKETING_VERSION = 1.0;
				PRODUCT_BUNDLE_IDENTIFIER = "novikovandrey2000.vpn-iosUITests";
				PRODUCT_NAME = "$(TARGET_NAME)";
				SWIFT_EMIT_LOC_STRINGS = NO;
				SWIFT_VERSION = 5.0;
				TARGETED_DEVICE_FAMILY = "1,2";
				TEST_TARGET_NAME = "vpn-ios";
			};
			name = Debug;
		};
		99A9C3CA286D595D0028CBB7 /* Release */ = {
			isa = XCBuildConfiguration;
			buildSettings = {
				ALWAYS_EMBED_SWIFT_STANDARD_LIBRARIES = YES;
				CODE_SIGN_STYLE = Automatic;
				CURRENT_PROJECT_VERSION = 1;
				DEVELOPMENT_TEAM = C7L2AL6Q55;
				GENERATE_INFOPLIST_FILE = YES;
				MARKETING_VERSION = 1.0;
				PRODUCT_BUNDLE_IDENTIFIER = "novikovandrey2000.vpn-iosUITests";
				PRODUCT_NAME = "$(TARGET_NAME)";
				SWIFT_EMIT_LOC_STRINGS = NO;
				SWIFT_VERSION = 5.0;
				TARGETED_DEVICE_FAMILY = "1,2";
				TEST_TARGET_NAME = "vpn-ios";
			};
			name = Release;
		};
/* End XCBuildConfiguration section */

/* Begin XCConfigurationList section */
		99A9C393286D595B0028CBB7 /* Build configuration list for PBXProject "vpn-ios" */ = {
			isa = XCConfigurationList;
			buildConfigurations = (
				99A9C3C0286D595D0028CBB7 /* Debug */,
				99A9C3C1286D595D0028CBB7 /* Release */,
			);
			defaultConfigurationIsVisible = 0;
			defaultConfigurationName = Release;
		};
		99A9C3C2286D595D0028CBB7 /* Build configuration list for PBXNativeTarget "vpn-ios" */ = {
			isa = XCConfigurationList;
			buildConfigurations = (
				99A9C3C3286D595D0028CBB7 /* Debug */,
				99A9C3C4286D595D0028CBB7 /* Release */,
			);
			defaultConfigurationIsVisible = 0;
			defaultConfigurationName = Release;
		};
		99A9C3C5286D595D0028CBB7 /* Build configuration list for PBXNativeTarget "vpn-iosTests" */ = {
			isa = XCConfigurationList;
			buildConfigurations = (
				99A9C3C6286D595D0028CBB7 /* Debug */,
				99A9C3C7286D595D0028CBB7 /* Release */,
			);
			defaultConfigurationIsVisible = 0;
			defaultConfigurationName = Release;
		};
		99A9C3C8286D595D0028CBB7 /* Build configuration list for PBXNativeTarget "vpn-iosUITests" */ = {
			isa = XCConfigurationList;
			buildConfigurations = (
				99A9C3C9286D595D0028CBB7 /* Debug */,
				99A9C3CA286D595D0028CBB7 /* Release */,
			);
			defaultConfigurationIsVisible = 0;
			defaultConfigurationName = Release;
		};
/* End XCConfigurationList section */
	};
	rootObject = 99A9C390286D595B0028CBB7 /* Project object */;
}
